{
  "name": "Valbo",
  "lockfileVersion": 2,
  "requires": true,
  "packages": {
    "": {
      "dependencies": {
        "drift-zoom": "^1.4.3"
      }
    },
    "node_modules/drift-zoom": {
      "version": "1.4.3",
      "resolved": "https://registry.npmjs.org/drift-zoom/-/drift-zoom-1.4.3.tgz",
      "integrity": "sha512-48FzID3wFrnOFJCbYqrAph7nDZTqPR8D4yIJ9QIBj2Wc9PTh+PaH+4cc5SAR+8wECiTEgLasWt6SRIyAPEeiQQ=="
    }
  },
  "dependencies": {
    "drift-zoom": {
      "version": "1.4.3",
      "resolved": "https://registry.npmjs.org/drift-zoom/-/drift-zoom-1.4.3.tgz",
      "integrity": "sha512-48FzID3wFrnOFJCbYqrAph7nDZTqPR8D4yIJ9QIBj2Wc9PTh+PaH+4cc5SAR+8wECiTEgLasWt6SRIyAPEeiQQ=="
    }
  }
}
